
Microsoft Visual Studio Solution File, Format Version 12.00
# Visual Studio Express 2012 for Windows Desktop
Project("{FAE04EC0-301F-11D3-BF4B-00C04F79EFBC}") = "MetaheuristicsLibrary", "MetaheuristicsLibrary\MetaheuristicsLibrary.csproj", "{4D6676C7-CFD5-46B4-9B89-8A8005CA0CB0}"
EndProject
Project("{FAE04EC0-301F-11D3-BF4B-00C04F79EFBC}") = "Tester", "Tester\Tester.csproj", "{2BAE263D-3A74-47F7-ACCC-717C7C8D1640}"
EndProject
Global
	GlobalSection(SolutionConfigurationPlatforms) = preSolution
		Debug|Any CPU = Debug|Any CPU
		Release|Any CPU = Release|Any CPU
	EndGlobalSection
	GlobalSection(ProjectConfigurationPlatforms) = postSolution
		{4D6676C7-CFD5-46B4-9B89-8A8005CA0CB0}.Debug|Any CPU.ActiveCfg = Debug|Any CPU
		{4D6676C7-CFD5-46B4-9B89-8A8005CA0CB0}.Debug|Any CPU.Build.0 = Debug|Any CPU
		{4D6676C7-CFD5-46B4-9B89-8A8005CA0CB0}.Release|Any CPU.ActiveCfg = Release|Any CPU
		{4D6676C7-CFD5-46B4-9B89-8A8005CA0CB0}.Release|Any CPU.Build.0 = Release|Any CPU
		{2BAE263D-3A74-47F7-ACCC-717C7C8D1640}.Debug|Any CPU.ActiveCfg = Debug|Any CPU
		{2BAE263D-3A74-47F7-ACCC-717C7C8D1640}.Debug|Any CPU.Build.0 = Debug|Any CPU
		{2BAE263D-3A74-47F7-ACCC-717C7C8D1640}.Release|Any CPU.ActiveCfg = Release|Any CPU
		{2BAE263D-3A74-47F7-ACCC-717C7C8D1640}.Release|Any CPU.Build.0 = Release|Any CPU
	EndGlobalSection
	GlobalSection(SolutionProperties) = preSolution
		HideSolutionNode = FALSE
	EndGlobalSection
EndGlobal
